
Microsoft Visual Studio Solution File, Format Version 12.00
# Visual Studio Version 16
VisualStudioVersion = 16.0.30717.126
MinimumVisualStudioVersion = 10.0.40219.1
Project("{FAE04EC0-301F-11D3-BF4B-00C04F79EFBC}") = "PigLatinGUI", "PigLatinGUI.csproj", "{ABDBE593-0903-43E5-811B-224B54797825}"
EndProject
Global
	GlobalSection(SolutionConfigurationPlatforms) = preSolution
		Debug|Any CPU = Debug|Any CPU
		Release|Any CPU = Release|Any CPU
	EndGlobalSection
	GlobalSection(ProjectConfigurationPlatforms) = postSolution
		{ABDBE593-0903-43E5-811B-224B54797825}.Debug|Any CPU.ActiveCfg = Debug|Any CPU
		{ABDBE593-0903-43E5-811B-224B54797825}.Debug|Any CPU.Build.0 = Debug|Any CPU
		{ABDBE593-0903-43E5-811B-224B54797825}.Release|Any CPU.ActiveCfg = Release|Any CPU
		{ABDBE593-0903-43E5-811B-224B54797825}.Release|Any CPU.Build.0 = Release|Any CPU
	EndGlobalSection
	GlobalSection(SolutionProperties) = preSolution
		HideSolutionNode = FALSE
	EndGlobalSection
	GlobalSection(ExtensibilityGlobals) = postSolution
		SolutionGuid = {CC303397-865A-468B-AC58-32CFCDA2CC83}
	EndGlobalSection
EndGlobal
