
Microsoft Visual Studio Solution File, Format Version 12.00
# Visual Studio Version 16
VisualStudioVersion = 16.0.30717.126
MinimumVisualStudioVersion = 10.0.40219.1
Project("{FAE04EC0-301F-11D3-BF4B-00C04F79EFBC}") = "Ercia_Jun_Lab6-Exer1", "Ercia_Jun_Lab6-Exer1.csproj", "{BEA22EF1-7ED5-417B-9EB8-41C9A2CC9DCC}"
EndProject
Global
	GlobalSection(SolutionConfigurationPlatforms) = preSolution
		Debug|Any CPU = Debug|Any CPU
		Release|Any CPU = Release|Any CPU
	EndGlobalSection
	GlobalSection(ProjectConfigurationPlatforms) = postSolution
		{BEA22EF1-7ED5-417B-9EB8-41C9A2CC9DCC}.Debug|Any CPU.ActiveCfg = Debug|Any CPU
		{BEA22EF1-7ED5-417B-9EB8-41C9A2CC9DCC}.Debug|Any CPU.Build.0 = Debug|Any CPU
		{BEA22EF1-7ED5-417B-9EB8-41C9A2CC9DCC}.Release|Any CPU.ActiveCfg = Release|Any CPU
		{BEA22EF1-7ED5-417B-9EB8-41C9A2CC9DCC}.Release|Any CPU.Build.0 = Release|Any CPU
	EndGlobalSection
	GlobalSection(SolutionProperties) = preSolution
		HideSolutionNode = FALSE
	EndGlobalSection
	GlobalSection(ExtensibilityGlobals) = postSolution
		SolutionGuid = {AB034068-5E6F-4DE1-9B7F-7DEF851EBF6B}
	EndGlobalSection
EndGlobal
