
Microsoft Visual Studio Solution File, Format Version 12.00
# Visual Studio Version 16
VisualStudioVersion = 16.0.30717.126
MinimumVisualStudioVersion = 10.0.40219.1
Project("{FAE04EC0-301F-11D3-BF4B-00C04F79EFBC}") = "Arrays", "Arrays.csproj", "{AE212D54-D9B6-4C1C-A1F1-C4C929EB4CDE}"
EndProject
Global
	GlobalSection(SolutionConfigurationPlatforms) = preSolution
		Debug|Any CPU = Debug|Any CPU
		Release|Any CPU = Release|Any CPU
	EndGlobalSection
	GlobalSection(ProjectConfigurationPlatforms) = postSolution
		{AE212D54-D9B6-4C1C-A1F1-C4C929EB4CDE}.Debug|Any CPU.ActiveCfg = Debug|Any CPU
		{AE212D54-D9B6-4C1C-A1F1-C4C929EB4CDE}.Debug|Any CPU.Build.0 = Debug|Any CPU
		{AE212D54-D9B6-4C1C-A1F1-C4C929EB4CDE}.Release|Any CPU.ActiveCfg = Release|Any CPU
		{AE212D54-D9B6-4C1C-A1F1-C4C929EB4CDE}.Release|Any CPU.Build.0 = Release|Any CPU
	EndGlobalSection
	GlobalSection(SolutionProperties) = preSolution
		HideSolutionNode = FALSE
	EndGlobalSection
	GlobalSection(ExtensibilityGlobals) = postSolution
		SolutionGuid = {38315C64-AE4A-4FC6-931A-38C6CB1BAD17}
	EndGlobalSection
EndGlobal
