
Microsoft Visual Studio Solution File, Format Version 12.00
# Visual Studio Version 16
VisualStudioVersion = 16.0.30717.126
MinimumVisualStudioVersion = 10.0.40219.1
Project("{FAE04EC0-301F-11D3-BF4B-00C04F79EFBC}") = "PrimeNumber", "PrimeNumber.csproj", "{FBB4BB48-D726-4017-A692-04ED61067611}"
EndProject
Global
	GlobalSection(SolutionConfigurationPlatforms) = preSolution
		Debug|Any CPU = Debug|Any CPU
		Release|Any CPU = Release|Any CPU
	EndGlobalSection
	GlobalSection(ProjectConfigurationPlatforms) = postSolution
		{FBB4BB48-D726-4017-A692-04ED61067611}.Debug|Any CPU.ActiveCfg = Debug|Any CPU
		{FBB4BB48-D726-4017-A692-04ED61067611}.Debug|Any CPU.Build.0 = Debug|Any CPU
		{FBB4BB48-D726-4017-A692-04ED61067611}.Release|Any CPU.ActiveCfg = Release|Any CPU
		{FBB4BB48-D726-4017-A692-04ED61067611}.Release|Any CPU.Build.0 = Release|Any CPU
	EndGlobalSection
	GlobalSection(SolutionProperties) = preSolution
		HideSolutionNode = FALSE
	EndGlobalSection
	GlobalSection(ExtensibilityGlobals) = postSolution
		SolutionGuid = {097D2529-4E72-4BA1-9E11-50E567370CF7}
	EndGlobalSection
EndGlobal
